# This file is autogenerated, do not edit; changes may be undone by the next 'dep ensure'.


[[projects]]
  digest = "1:e1fbf80d214babd9681dc746153a72b79d6188d98919a1e5c090ea87ca711af0"
  name = "github.com/aws/aws-sdk-go"
  packages = [
    "aws",
    "aws/awserr",
    "aws/awsutil",
    "aws/client",
    "aws/client/metadata",
    "aws/corehandlers",
    "aws/credentials",
    "aws/credentials/ec2rolecreds",
    "aws/credentials/endpointcreds",
    "aws/credentials/processcreds",
    "aws/credentials/stscreds",
    "aws/csm",
    "aws/defaults",
    "aws/ec2metadata",
    "aws/endpoints",
    "aws/request",
    "aws/session",
    "aws/signer/v4",
    "internal/context",
    "internal/ini",
    "internal/sdkio",
    "internal/sdkmath",
    "internal/sdkrand",
    "internal/sdkuri",
    "internal/shareddefaults",
    "internal/strings",
    "internal/sync/singleflight",
    "private/protocol",
    "private/protocol/json/jsonutil",
    "private/protocol/jsonrpc",
    "private/protocol/query",
    "private/protocol/query/queryutil",
    "private/protocol/rest",
    "private/protocol/xml/xmlutil",
    "service/secretsmanager",
    "service/sts",
    "service/sts/stsiface",
  ]
  pruneopts = "UT"
  revision = "58185ee8739458b8e055d931218349b2b6b974c2"
  version = "v1.29.30"

[[projects]]
  digest = "1:bb81097a5b62634f3e9fec1014657855610c82d19b9a40c17612e32651e35dca"
  name = "github.com/jmespath/go-jmespath"
  packages = ["."]
  pruneopts = "UT"
  revision = "c2b33e84"

[[projects]]
  digest = "1:19525e48b45af69339bd7c2812137dbd1e650a78fc09c7c75482e307d51aa28d"
  name = "go.uber.org/atomic"
  packages = ["."]
  pruneopts = "UT"
  revision = "845920076a298bdb984fb0f1b86052e4ca0a281c"
  version = "v1.6.0"

[[projects]]
  digest = "1:a23ddd39502ba94e2a72815a946d0edec801defcf0a0c0530d04acee1f455128"
  name = "go.uber.org/multierr"
  packages = ["."]
  pruneopts = "UT"
  revision = "b587143a48b62b01d337824eab43700af6ffe222"
  version = "v1.5.0"

[[projects]]
  digest = "1:37db8edb1893509ed6230cb160a98ff5dc8fe4f82b6818baa88af4b478ce3824"
  name = "go.uber.org/zap"
  packages = [
    ".",
    "buffer",
    "internal/bufferpool",
    "internal/color",
    "internal/exit",
    "zapcore",
  ]
  pruneopts = "UT"
  revision = "2aa9fa25da83bdfff756c36a91442edc9a84576c"
  version = "v1.14.1"

[solve-meta]
  analyzer-name = "dep"
  analyzer-version = 1
  input-imports = [
    "github.com/aws/aws-sdk-go/aws",
    "github.com/aws/aws-sdk-go/aws/endpoints",
    "github.com/aws/aws-sdk-go/aws/session",
    "github.com/aws/aws-sdk-go/service/secretsmanager",
    "go.uber.org/zap",
  ]
  solver-name = "gps-cdcl"
  solver-version = 1
